
Microsoft Visual Studio Solution File, Format Version 12.00
# Visual Studio Version 17
VisualStudioVersion = 17.11.35303.130
MinimumVisualStudioVersion = 10.0.40219.1
Project("{8BC9CEB8-8B4A-11D0-8D11-00A0C91BC942}") = "实验1 3", "实验1 3.vcxproj", "{19E93305-62F9-41EE-B447-59CAEF5E00BC}"
EndProject
Global
	GlobalSection(SolutionConfigurationPlatforms) = preSolution
		Debug|x64 = Debug|x64
		Debug|x86 = Debug|x86
		Release|x64 = Release|x64
		Release|x86 = Release|x86
	EndGlobalSection
	GlobalSection(ProjectConfigurationPlatforms) = postSolution
		{19E93305-62F9-41EE-B447-59CAEF5E00BC}.Debug|x64.ActiveCfg = Debug|x64
		{19E93305-62F9-41EE-B447-59CAEF5E00BC}.Debug|x64.Build.0 = Debug|x64
		{19E93305-62F9-41EE-B447-59CAEF5E00BC}.Debug|x86.ActiveCfg = Debug|Win32
		{19E93305-62F9-41EE-B447-59CAEF5E00BC}.Debug|x86.Build.0 = Debug|Win32
		{19E93305-62F9-41EE-B447-59CAEF5E00BC}.Release|x64.ActiveCfg = Release|x64
		{19E93305-62F9-41EE-B447-59CAEF5E00BC}.Release|x64.Build.0 = Release|x64
		{19E93305-62F9-41EE-B447-59CAEF5E00BC}.Release|x86.ActiveCfg = Release|Win32
		{19E93305-62F9-41EE-B447-59CAEF5E00BC}.Release|x86.Build.0 = Release|Win32
	EndGlobalSection
	GlobalSection(SolutionProperties) = preSolution
		HideSolutionNode = FALSE
	EndGlobalSection
	GlobalSection(ExtensibilityGlobals) = postSolution
		SolutionGuid = {2138C52C-5136-4E3D-A4DA-B63022C04E00}
	EndGlobalSection
EndGlobal
